
Microsoft Visual Studio Solution File, Format Version 12.00
# Visual Studio 15
VisualStudioVersion = 15.0.28307.705
MinimumVisualStudioVersion = 10.0.40219.1
Project("{8BC9CEB8-8B4A-11D0-8D11-00A0C91BC942}") = "Algorithm_pack_408", "Algorithm_pack_408\Algorithm_pack_408.vcxproj", "{2790B279-DB67-43B5-94FD-1F02282C5097}"
EndProject
Global
	GlobalSection(SolutionConfigurationPlatforms) = preSolution
		Debug|x64 = Debug|x64
		Debug|x86 = Debug|x86
		Release|x64 = Release|x64
		Release|x86 = Release|x86
	EndGlobalSection
	GlobalSection(ProjectConfigurationPlatforms) = postSolution
		{2790B279-DB67-43B5-94FD-1F02282C5097}.Debug|x64.ActiveCfg = Debug|x64
		{2790B279-DB67-43B5-94FD-1F02282C5097}.Debug|x64.Build.0 = Debug|x64
		{2790B279-DB67-43B5-94FD-1F02282C5097}.Debug|x86.ActiveCfg = Debug|Win32
		{2790B279-DB67-43B5-94FD-1F02282C5097}.Debug|x86.Build.0 = Debug|Win32
		{2790B279-DB67-43B5-94FD-1F02282C5097}.Release|x64.ActiveCfg = Release|x64
		{2790B279-DB67-43B5-94FD-1F02282C5097}.Release|x64.Build.0 = Release|x64
		{2790B279-DB67-43B5-94FD-1F02282C5097}.Release|x86.ActiveCfg = Release|Win32
		{2790B279-DB67-43B5-94FD-1F02282C5097}.Release|x86.Build.0 = Release|Win32
	EndGlobalSection
	GlobalSection(SolutionProperties) = preSolution
		HideSolutionNode = FALSE
	EndGlobalSection
	GlobalSection(ExtensibilityGlobals) = postSolution
		SolutionGuid = {C7D61D00-9202-4689-A3F9-3489803ABBD1}
	EndGlobalSection
EndGlobal
